// !$*UTF8*$!
{
	archiveVersion = 1;
	classes = {
	};
	objectVersion = 50;
	objects = {

/* Begin PBXBuildFile section */
		211CA14221A52F9C0020E7A4 /* AppDelegate.swift in Sources */ = {isa = PBXBuildFile; fileRef = 211CA14121A52F9C0020E7A4 /* AppDelegate.swift */; };
		211CA14421A52F9C0020E7A4 /* RGHome.swift in Sources */ = {isa = PBXBuildFile; fileRef = 211CA14321A52F9C0020E7A4 /* RGHome.swift */; };
		211CA14721A52F9C0020E7A4 /* Main.storyboard in Resources */ = {isa = PBXBuildFile; fileRef = 211CA14521A52F9C0020E7A4 /* Main.storyboard */; };
		211CA14921A52F9C0020E7A4 /* Assets.xcassets in Resources */ = {isa = PBXBuildFile; fileRef = 211CA14821A52F9C0020E7A4 /* Assets.xcassets */; };
		211CA14C21A52F9C0020E7A4 /* LaunchScreen.storyboard in Resources */ = {isa = PBXBuildFile; fileRef = 211CA14A21A52F9C0020E7A4 /* LaunchScreen.storyboard */; };
		213A21C221A7DB650079B61B /* RGPostFeed.swift in Sources */ = {isa = PBXBuildFile; fileRef = 213A21C121A7DB650079B61B /* RGPostFeed.swift */; };
		213A21C621A7DBD90079B61B /* RGPostFeedTests.swift in Sources */ = {isa = PBXBuildFile; fileRef = 213A21C521A7DBD90079B61B /* RGPostFeedTests.swift */; };
		213A21CA21A7DD1B0079B61B /* topRedditFeed.json in Resources */ = {isa = PBXBuildFile; fileRef = 213A21C921A7DD1B0079B61B /* topRedditFeed.json */; };
/* End PBXBuildFile section */

/* Begin PBXContainerItemProxy section */
		211CA15321A52F9C0020E7A4 /* PBXContainerItemProxy */ = {
			isa = PBXContainerItemProxy;
			containerPortal = 211CA13621A52F9C0020E7A4 /* Project object */;
			proxyType = 1;
			remoteGlobalIDString = 211CA13D21A52F9C0020E7A4;
			remoteInfo = RGRedditClient;
		};
/* End PBXContainerItemProxy section */

/* Begin PBXFileReference section */
		211CA13E21A52F9C0020E7A4 /* RGRedditClient.app */ = {isa = PBXFileReference; explicitFileType = wrapper.application; includeInIndex = 0; path = RGRedditClient.app; sourceTree = BUILT_PRODUCTS_DIR; };
		211CA14121A52F9C0020E7A4 /* AppDelegate.swift */ = {isa = PBXFileReference; lastKnownFileType = sourcecode.swift; path = AppDelegate.swift; sourceTree = "<group>"; };
		211CA14321A52F9C0020E7A4 /* RGHome.swift */ = {isa = PBXFileReference; lastKnownFileType = sourcecode.swift; path = RGHome.swift; sourceTree = "<group>"; };
		211CA14621A52F9C0020E7A4 /* Base */ = {isa = PBXFileReference; lastKnownFileType = file.storyboard; name = Base; path = Base.lproj/Main.storyboard; sourceTree = "<group>"; };
		211CA14821A52F9C0020E7A4 /* Assets.xcassets */ = {isa = PBXFileReference; lastKnownFileType = folder.assetcatalog; path = Assets.xcassets; sourceTree = "<group>"; };
		211CA14B21A52F9C0020E7A4 /* Base */ = {isa = PBXFileReference; lastKnownFileType = file.storyboard; name = Base; path = Base.lproj/LaunchScreen.storyboard; sourceTree = "<group>"; };
		211CA14D21A52F9C0020E7A4 /* Info.plist */ = {isa = PBXFileReference; lastKnownFileType = text.plist.xml; path = Info.plist; sourceTree = "<group>"; };
		211CA15221A52F9C0020E7A4 /* RGRedditClientTests.xctest */ = {isa = PBXFileReference; explicitFileType = wrapper.cfbundle; includeInIndex = 0; path = RGRedditClientTests.xctest; sourceTree = BUILT_PRODUCTS_DIR; };
		211CA15821A52F9C0020E7A4 /* Info.plist */ = {isa = PBXFileReference; lastKnownFileType = text.plist.xml; path = Info.plist; sourceTree = "<group>"; };
		213A21C121A7DB650079B61B /* RGPostFeed.swift */ = {isa = PBXFileReference; lastKnownFileType = sourcecode.swift; path = RGPostFeed.swift; sourceTree = "<group>"; };
		213A21C521A7DBD90079B61B /* RGPostFeedTests.swift */ = {isa = PBXFileReference; lastKnownFileType = sourcecode.swift; path = RGPostFeedTests.swift; sourceTree = "<group>"; };
		213A21C921A7DD1B0079B61B /* topRedditFeed.json */ = {isa = PBXFileReference; fileEncoding = 4; lastKnownFileType = text.json; name = topRedditFeed.json; path = ../../../../TestJsons/topRedditFeed.json; sourceTree = "<group>"; };
/* End PBXFileReference section */

/* Begin PBXFrameworksBuildPhase section */
		211CA13B21A52F9C0020E7A4 /* Frameworks */ = {
			isa = PBXFrameworksBuildPhase;
			buildActionMask = 2147483647;
			files = (
			);
			runOnlyForDeploymentPostprocessing = 0;
		};
		211CA14F21A52F9C0020E7A4 /* Frameworks */ = {
			isa = PBXFrameworksBuildPhase;
			buildActionMask = 2147483647;
			files = (
			);
			runOnlyForDeploymentPostprocessing = 0;
		};
/* End PBXFrameworksBuildPhase section */

/* Begin PBXGroup section */
		211CA13521A52F9C0020E7A4 = {
			isa = PBXGroup;
			children = (
				211CA14021A52F9C0020E7A4 /* RGRedditClient */,
				211CA15521A52F9C0020E7A4 /* RGRedditClientTests */,
				211CA13F21A52F9C0020E7A4 /* Products */,
			);
			sourceTree = "<group>";
		};
		211CA13F21A52F9C0020E7A4 /* Products */ = {
			isa = PBXGroup;
			children = (
				211CA13E21A52F9C0020E7A4 /* RGRedditClient.app */,
				211CA15221A52F9C0020E7A4 /* RGRedditClientTests.xctest */,
			);
			name = Products;
			sourceTree = "<group>";
		};
		211CA14021A52F9C0020E7A4 /* RGRedditClient */ = {
			isa = PBXGroup;
			children = (
				211CA16321A530960020E7A4 /* Network */,
				211CA16221A5306F0020E7A4 /* Home */,
				211CA16121A5305C0020E7A4 /* Model */,
				211CA14121A52F9C0020E7A4 /* AppDelegate.swift */,
				211CA14821A52F9C0020E7A4 /* Assets.xcassets */,
				211CA14A21A52F9C0020E7A4 /* LaunchScreen.storyboard */,
				211CA14D21A52F9C0020E7A4 /* Info.plist */,
			);
			path = RGRedditClient;
			sourceTree = "<group>";
		};
		211CA15521A52F9C0020E7A4 /* RGRedditClientTests */ = {
			isa = PBXGroup;
			children = (
				213A21C721A7DCF00079B61B /* ModelTests */,
				211CA15821A52F9C0020E7A4 /* Info.plist */,
			);
			path = RGRedditClientTests;
			sourceTree = "<group>";
		};
		211CA16121A5305C0020E7A4 /* Model */ = {
			isa = PBXGroup;
			children = (
				213A21C121A7DB650079B61B /* RGPostFeed.swift */,
			);
			path = Model;
			sourceTree = "<group>";
		};
		211CA16221A5306F0020E7A4 /* Home */ = {
			isa = PBXGroup;
			children = (
				211CA14321A52F9C0020E7A4 /* RGHome.swift */,
				211CA14521A52F9C0020E7A4 /* Main.storyboard */,
			);
			path = Home;
			sourceTree = "<group>";
		};
		211CA16321A530960020E7A4 /* Network */ = {
			isa = PBXGroup;
			children = (
			);
			path = Network;
			sourceTree = "<group>";
		};
		213A21C721A7DCF00079B61B /* ModelTests */ = {
			isa = PBXGroup;
			children = (
				213A21C821A7DD020079B61B /* jsons */,
				213A21C521A7DBD90079B61B /* RGPostFeedTests.swift */,
			);
			name = ModelTests;
			path = "New Group";
			sourceTree = "<group>";
		};
		213A21C821A7DD020079B61B /* jsons */ = {
			isa = PBXGroup;
			children = (
				213A21C921A7DD1B0079B61B /* topRedditFeed.json */,
			);
			path = jsons;
			sourceTree = "<group>";
		};
/* End PBXGroup section */

/* Begin PBXNativeTarget section */
		211CA13D21A52F9C0020E7A4 /* RGRedditClient */ = {
			isa = PBXNativeTarget;
			buildConfigurationList = 211CA15B21A52F9C0020E7A4 /* Build configuration list for PBXNativeTarget "RGRedditClient" */;
			buildPhases = (
				211CA13A21A52F9C0020E7A4 /* Sources */,
				211CA13B21A52F9C0020E7A4 /* Frameworks */,
				211CA13C21A52F9C0020E7A4 /* Resources */,
			);
			buildRules = (
			);
			dependencies = (
			);
			name = RGRedditClient;
			productName = RGRedditClient;
			productReference = 211CA13E21A52F9C0020E7A4 /* RGRedditClient.app */;
			productType = "com.apple.product-type.application";
		};
		211CA15121A52F9C0020E7A4 /* RGRedditClientTests */ = {
			isa = PBXNativeTarget;
			buildConfigurationList = 211CA15E21A52F9C0020E7A4 /* Build configuration list for PBXNativeTarget "RGRedditClientTests" */;
			buildPhases = (
				211CA14E21A52F9C0020E7A4 /* Sources */,
				211CA14F21A52F9C0020E7A4 /* Frameworks */,
				211CA15021A52F9C0020E7A4 /* Resources */,
			);
			buildRules = (
			);
			dependencies = (
				211CA15421A52F9C0020E7A4 /* PBXTargetDependency */,
			);
			name = RGRedditClientTests;
			productName = RGRedditClientTests;
			productReference = 211CA15221A52F9C0020E7A4 /* RGRedditClientTests.xctest */;
			productType = "com.apple.product-type.bundle.unit-test";
		};
/* End PBXNativeTarget section */

/* Begin PBXProject section */
		211CA13621A52F9C0020E7A4 /* Project object */ = {
			isa = PBXProject;
			attributes = {
				LastSwiftUpdateCheck = 1000;
				LastUpgradeCheck = 1000;
				ORGANIZATIONNAME = "Jose Humberto Partida Garduno";
				TargetAttributes = {
					211CA13D21A52F9C0020E7A4 = {
						CreatedOnToolsVersion = 10.0;
					};
					211CA15121A52F9C0020E7A4 = {
						CreatedOnToolsVersion = 10.0;
						LastSwiftMigration = 1000;
						TestTargetID = 211CA13D21A52F9C0020E7A4;
					};
				};
			};
			buildConfigurationList = 211CA13921A52F9C0020E7A4 /* Build configuration list for PBXProject "RGRedditClient" */;
			compatibilityVersion = "Xcode 9.3";
			developmentRegion = en;
			hasScannedForEncodings = 0;
			knownRegions = (
				en,
				Base,
			);
			mainGroup = 211CA13521A52F9C0020E7A4;
			productRefGroup = 211CA13F21A52F9C0020E7A4 /* Products */;
			projectDirPath = "";
			projectRoot = "";
			targets = (
				211CA13D21A52F9C0020E7A4 /* RGRedditClient */,
				211CA15121A52F9C0020E7A4 /* RGRedditClientTests */,
			);
		};
/* End PBXProject section */

/* Begin PBXResourcesBuildPhase section */
		211CA13C21A52F9C0020E7A4 /* Resources */ = {
			isa = PBXResourcesBuildPhase;
			buildActionMask = 2147483647;
			files = (
				211CA14C21A52F9C0020E7A4 /* LaunchScreen.storyboard in Resources */,
				211CA14921A52F9C0020E7A4 /* Assets.xcassets in Resources */,
				211CA14721A52F9C0020E7A4 /* Main.storyboard in Resources */,
			);
			runOnlyForDeploymentPostprocessing = 0;
		};
		211CA15021A52F9C0020E7A4 /* Resources */ = {
			isa = PBXResourcesBuildPhase;
			buildActionMask = 2147483647;
			files = (
				213A21CA21A7DD1B0079B61B /* topRedditFeed.json in Resources */,
			);
			runOnlyForDeploymentPostprocessing = 0;
		};
/* End PBXResourcesBuildPhase section */

/* Begin PBXSourcesBuildPhase section */
		211CA13A21A52F9C0020E7A4 /* Sources */ = {
			isa = PBXSourcesBuildPhase;
			buildActionMask = 2147483647;
			files = (
				211CA14421A52F9C0020E7A4 /* RGHome.swift in Sources */,
				211CA14221A52F9C0020E7A4 /* AppDelegate.swift in Sources */,
				213A21C221A7DB650079B61B /* RGPostFeed.swift in Sources */,
			);
			runOnlyForDeploymentPostprocessing = 0;
		};
		211CA14E21A52F9C0020E7A4 /* Sources */ = {
			isa = PBXSourcesBuildPhase;
			buildActionMask = 2147483647;
			files = (
				213A21C621A7DBD90079B61B /* RGPostFeedTests.swift in Sources */,
			);
			runOnlyForDeploymentPostprocessing = 0;
		};
/* End PBXSourcesBuildPhase section */

/* Begin PBXTargetDependency section */
		211CA15421A52F9C0020E7A4 /* PBXTargetDependency */ = {
			isa = PBXTargetDependency;
			target = 211CA13D21A52F9C0020E7A4 /* RGRedditClient */;
			targetProxy = 211CA15321A52F9C0020E7A4 /* PBXContainerItemProxy */;
		};
/* End PBXTargetDependency section */

/* Begin PBXVariantGroup section */
		211CA14521A52F9C0020E7A4 /* Main.storyboard */ = {
			isa = PBXVariantGroup;
			children = (
				211CA14621A52F9C0020E7A4 /* Base */,
			);
			name = Main.storyboard;
			sourceTree = "<group>";
		};
		211CA14A21A52F9C0020E7A4 /* LaunchScreen.storyboard */ = {
			isa = PBXVariantGroup;
			children = (
				211CA14B21A52F9C0020E7A4 /* Base */,
			);
			name = LaunchScreen.storyboard;
			sourceTree = "<group>";
		};
/* End PBXVariantGroup section */

/* Begin XCBuildConfiguration section */
		211CA15921A52F9C0020E7A4 /* Debug */ = {
			isa = XCBuildConfiguration;
			buildSettings = {
				ALWAYS_SEARCH_USER_PATHS = NO;
				CLANG_ANALYZER_NONNULL = YES;
				CLANG_ANALYZER_NUMBER_OBJECT_CONVERSION = YES_AGGRESSIVE;
				CLANG_CXX_LANGUAGE_STANDARD = "gnu++14";
				CLANG_CXX_LIBRARY = "libc++";
				CLANG_ENABLE_MODULES = YES;
				CLANG_ENABLE_OBJC_ARC = YES;
				CLANG_ENABLE_OBJC_WEAK = YES;
				CLANG_WARN_BLOCK_CAPTURE_AUTORELEASING = YES;
				CLANG_WARN_BOOL_CONVERSION = YES;
				CLANG_WARN_COMMA = YES;
				CLANG_WARN_CONSTANT_CONVERSION = YES;
				CLANG_WARN_DEPRECATED_OBJC_IMPLEMENTATIONS = YES;
				CLANG_WARN_DIRECT_OBJC_ISA_USAGE = YES_ERROR;
				CLANG_WARN_DOCUMENTATION_COMMENTS = YES;
				CLANG_WARN_EMPTY_BODY = YES;
				CLANG_WARN_ENUM_CONVERSION = YES;
				CLANG_WARN_INFINITE_RECURSION = YES;
				CLANG_WARN_INT_CONVERSION = YES;
				CLANG_WARN_NON_LITERAL_NULL_CONVERSION = YES;
				CLANG_WARN_OBJC_IMPLICIT_RETAIN_SELF = YES;
				CLANG_WARN_OBJC_LITERAL_CONVERSION = YES;
				CLANG_WARN_OBJC_ROOT_CLASS = YES_ERROR;
				CLANG_WARN_RANGE_LOOP_ANALYSIS = YES;
				CLANG_WARN_STRICT_PROTOTYPES = YES;
				CLANG_WARN_SUSPICIOUS_MOVE = YES;
				CLANG_WARN_UNGUARDED_AVAILABILITY = YES_AGGRESSIVE;
				CLANG_WARN_UNREACHABLE_CODE = YES;
				CLANG_WARN__DUPLICATE_METHOD_MATCH = YES;
				CODE_SIGN_IDENTITY = "iPhone Developer";
				COPY_PHASE_STRIP = NO;
				DEBUG_INFORMATION_FORMAT = dwarf;
				ENABLE_STRICT_OBJC_MSGSEND = YES;
				ENABLE_TESTABILITY = YES;
				GCC_C_LANGUAGE_STANDARD = gnu11;
				GCC_DYNAMIC_NO_PIC = NO;
				GCC_NO_COMMON_BLOCKS = YES;
				GCC_OPTIMIZATION_LEVEL = 0;
				GCC_PREPROCESSOR_DEFINITIONS = (
					"DEBUG=1",
					"$(inherited)",
				);
				GCC_WARN_64_TO_32_BIT_CONVERSION = YES;
				GCC_WARN_ABOUT_RETURN_TYPE = YES_ERROR;
				GCC_WARN_UNDECLARED_SELECTOR = YES;
				GCC_WARN_UNINITIALIZED_AUTOS = YES_AGGRESSIVE;
				GCC_WARN_UNUSED_FUNCTION = YES;
				GCC_WARN_UNUSED_VARIABLE = YES;
				IPHONEOS_DEPLOYMENT_TARGET = 12.0;
				MTL_ENABLE_DEBUG_INFO = INCLUDE_SOURCE;
				MTL_FAST_MATH = YES;
				ONLY_ACTIVE_ARCH = YES;
				SDKROOT = iphoneos;
				SWIFT_ACTIVE_COMPILATION_CONDITIONS = DEBUG;
				SWIFT_OPTIMIZATION_LEVEL = "-Onone";
			};
			name = Debug;
		};
		211CA15A21A52F9C0020E7A4 /* Release */ = {
			isa = XCBuildConfiguration;
			buildSettings = {
				ALWAYS_SEARCH_USER_PATHS = NO;
				CLANG_ANALYZER_NONNULL = YES;
				CLANG_ANALYZER_NUMBER_OBJECT_CONVERSION = YES_AGGRESSIVE;
				CLANG_CXX_LANGUAGE_STANDARD = "gnu++14";
				CLANG_CXX_LIBRARY = "libc++";
				CLANG_ENABLE_MODULES = YES;
				CLANG_ENABLE_OBJC_ARC = YES;
				CLANG_ENABLE_OBJC_WEAK = YES;
				CLANG_WARN_BLOCK_CAPTURE_AUTORELEASING = YES;
				CLANG_WARN_BOOL_CONVERSION = YES;
				CLANG_WARN_COMMA = YES;
				CLANG_WARN_CONSTANT_CONVERSION = YES;
				CLANG_WARN_DEPRECATED_OBJC_IMPLEMENTATIONS = YES;
				CLANG_WARN_DIRECT_OBJC_ISA_USAGE = YES_ERROR;
				CLANG_WARN_DOCUMENTATION_COMMENTS = YES;
				CLANG_WARN_EMPTY_BODY = YES;
				CLANG_WARN_ENUM_CONVERSION = YES;
				CLANG_WARN_INFINITE_RECURSION = YES;
				CLANG_WARN_INT_CONVERSION = YES;
				CLANG_WARN_NON_LITERAL_NULL_CONVERSION = YES;
				CLANG_WARN_OBJC_IMPLICIT_RETAIN_SELF = YES;
				CLANG_WARN_OBJC_LITERAL_CONVERSION = YES;
				CLANG_WARN_OBJC_ROOT_CLASS = YES_ERROR;
				CLANG_WARN_RANGE_LOOP_ANALYSIS = YES;
				CLANG_WARN_STRICT_PROTOTYPES = YES;
				CLANG_WARN_SUSPICIOUS_MOVE = YES;
				CLANG_WARN_UNGUARDED_AVAILABILITY = YES_AGGRESSIVE;
				CLANG_WARN_UNREACHABLE_CODE = YES;
				CLANG_WARN__DUPLICATE_METHOD_MATCH = YES;
				CODE_SIGN_IDENTITY = "iPhone Developer";
				COPY_PHASE_STRIP = NO;
				DEBUG_INFORMATION_FORMAT = "dwarf-with-dsym";
				ENABLE_NS_ASSERTIONS = NO;
				ENABLE_STRICT_OBJC_MSGSEND = YES;
				GCC_C_LANGUAGE_STANDARD = gnu11;
				GCC_NO_COMMON_BLOCKS = YES;
				GCC_WARN_64_TO_32_BIT_CONVERSION = YES;
				GCC_WARN_ABOUT_RETURN_TYPE = YES_ERROR;
				GCC_WARN_UNDECLARED_SELECTOR = YES;
				GCC_WARN_UNINITIALIZED_AUTOS = YES_AGGRESSIVE;
				GCC_WARN_UNUSED_FUNCTION = YES;
				GCC_WARN_UNUSED_VARIABLE = YES;
				IPHONEOS_DEPLOYMENT_TARGET = 12.0;
				MTL_ENABLE_DEBUG_INFO = NO;
				MTL_FAST_MATH = YES;
				SDKROOT = iphoneos;
				SWIFT_COMPILATION_MODE = wholemodule;
				SWIFT_OPTIMIZATION_LEVEL = "-O";
				VALIDATE_PRODUCT = YES;
			};
			name = Release;
		};
		211CA15C21A52F9C0020E7A4 /* Debug */ = {
			isa = XCBuildConfiguration;
			buildSettings = {
				ASSETCATALOG_COMPILER_APPICON_NAME = AppIcon;
				CODE_SIGN_STYLE = Automatic;
				INFOPLIST_FILE = RGRedditClient/Info.plist;
				LD_RUNPATH_SEARCH_PATHS = (
					"$(inherited)",
					"@executable_path/Frameworks",
				);
				PRODUCT_BUNDLE_IDENTIFIER = com.hpx.RGRedditClient;
				PRODUCT_NAME = "$(TARGET_NAME)";
				SWIFT_VERSION = 4.2;
				TARGETED_DEVICE_FAMILY = "1,2";
			};
			name = Debug;
		};
		211CA15D21A52F9C0020E7A4 /* Release */ = {
			isa = XCBuildConfiguration;
			buildSettings = {
				ASSETCATALOG_COMPILER_APPICON_NAME = AppIcon;
				CODE_SIGN_STYLE = Automatic;
				INFOPLIST_FILE = RGRedditClient/Info.plist;
				LD_RUNPATH_SEARCH_PATHS = (
					"$(inherited)",
					"@executable_path/Frameworks",
				);
				PRODUCT_BUNDLE_IDENTIFIER = com.hpx.RGRedditClient;
				PRODUCT_NAME = "$(TARGET_NAME)";
				SWIFT_VERSION = 4.2;
				TARGETED_DEVICE_FAMILY = "1,2";
			};
			name = Release;
		};
		211CA15F21A52F9C0020E7A4 /* Debug */ = {
			isa = XCBuildConfiguration;
			buildSettings = {
				ALWAYS_EMBED_SWIFT_STANDARD_LIBRARIES = YES;
				BUNDLE_LOADER = "$(TEST_HOST)";
				CLANG_ENABLE_MODULES = YES;
				CODE_SIGN_STYLE = Automatic;
				INFOPLIST_FILE = RGRedditClientTests/Info.plist;
				LD_RUNPATH_SEARCH_PATHS = (
					"$(inherited)",
					"@executable_path/Frameworks",
					"@loader_path/Frameworks",
				);
				PRODUCT_BUNDLE_IDENTIFIER = com.hpx.RGRedditClientTests;
				PRODUCT_NAME = "$(TARGET_NAME)";
				SWIFT_OPTIMIZATION_LEVEL = "-Onone";
				SWIFT_VERSION = 4.2;
				TARGETED_DEVICE_FAMILY = "1,2";
				TEST_HOST = "$(BUILT_PRODUCTS_DIR)/RGRedditClient.app/RGRedditClient";
			};
			name = Debug;
		};
		211CA16021A52F9C0020E7A4 /* Release */ = {
			isa = XCBuildConfiguration;
			buildSettings = {
				ALWAYS_EMBED_SWIFT_STANDARD_LIBRARIES = YES;
				BUNDLE_LOADER = "$(TEST_HOST)";
				CLANG_ENABLE_MODULES = YES;
				CODE_SIGN_STYLE = Automatic;
				INFOPLIST_FILE = RGRedditClientTests/Info.plist;
				LD_RUNPATH_SEARCH_PATHS = (
					"$(inherited)",
					"@executable_path/Frameworks",
					"@loader_path/Frameworks",
				);
				PRODUCT_BUNDLE_IDENTIFIER = com.hpx.RGRedditClientTests;
				PRODUCT_NAME = "$(TARGET_NAME)";
				SWIFT_VERSION = 4.2;
				TARGETED_DEVICE_FAMILY = "1,2";
				TEST_HOST = "$(BUILT_PRODUCTS_DIR)/RGRedditClient.app/RGRedditClient";
			};
			name = Release;
		};
/* End XCBuildConfiguration section */

/* Begin XCConfigurationList section */
		211CA13921A52F9C0020E7A4 /* Build configuration list for PBXProject "RGRedditClient" */ = {
			isa = XCConfigurationList;
			buildConfigurations = (
				211CA15921A52F9C0020E7A4 /* Debug */,
				211CA15A21A52F9C0020E7A4 /* Release */,
			);
			defaultConfigurationIsVisible = 0;
			defaultConfigurationName = Release;
		};
		211CA15B21A52F9C0020E7A4 /* Build configuration list for PBXNativeTarget "RGRedditClient" */ = {
			isa = XCConfigurationList;
			buildConfigurations = (
				211CA15C21A52F9C0020E7A4 /* Debug */,
				211CA15D21A52F9C0020E7A4 /* Release */,
			);
			defaultConfigurationIsVisible = 0;
			defaultConfigurationName = Release;
		};
		211CA15E21A52F9C0020E7A4 /* Build configuration list for PBXNativeTarget "RGRedditClientTests" */ = {
			isa = XCConfigurationList;
			buildConfigurations = (
				211CA15F21A52F9C0020E7A4 /* Debug */,
				211CA16021A52F9C0020E7A4 /* Release */,
			);
			defaultConfigurationIsVisible = 0;
			defaultConfigurationName = Release;
		};
/* End XCConfigurationList section */
	};
	rootObject = 211CA13621A52F9C0020E7A4 /* Project object */;
}
